
Microsoft Visual Studio Solution File, Format Version 12.00
# Visual Studio Version 17
VisualStudioVersion = 17.11.35303.130
MinimumVisualStudioVersion = 10.0.40219.1
Project("{FAE04EC0-301F-11D3-BF4B-00C04F79EFBC}") = "ClassLibrary1", "ClassLibrary1\ClassLibrary1.csproj", "{C55C7955-B932-4F00-ADAB-89BC0F46737D}"
EndProject
Global
	GlobalSection(SolutionConfigurationPlatforms) = preSolution
		Debug|Any CPU = Debug|Any CPU
		Release|Any CPU = Release|Any CPU
	EndGlobalSection
	GlobalSection(ProjectConfigurationPlatforms) = postSolution
		{C55C7955-B932-4F00-ADAB-89BC0F46737D}.Debug|Any CPU.ActiveCfg = Debug|Any CPU
		{C55C7955-B932-4F00-ADAB-89BC0F46737D}.Debug|Any CPU.Build.0 = Debug|Any CPU
		{C55C7955-B932-4F00-ADAB-89BC0F46737D}.Release|Any CPU.ActiveCfg = Release|Any CPU
		{C55C7955-B932-4F00-ADAB-89BC0F46737D}.Release|Any CPU.Build.0 = Release|Any CPU
	EndGlobalSection
	GlobalSection(SolutionProperties) = preSolution
		HideSolutionNode = FALSE
	EndGlobalSection
	GlobalSection(ExtensibilityGlobals) = postSolution
		SolutionGuid = {FCD9B62F-3A50-4B83-A10C-308F3C7B70B2}
	EndGlobalSection
EndGlobal
